
Microsoft Visual Studio Solution File, Format Version 12.00
# Visual Studio Version 17
VisualStudioVersion = 17.8.34330.188
MinimumVisualStudioVersion = 10.0.40219.1
Project("{FAE04EC0-301F-11D3-BF4B-00C04F79EFBC}") = "BlazorBoilerplate", "BlazorBoilerplate\BlazorBoilerplate.csproj", "{17A6DE6C-1F20-4258-9483-AFB181EA58C6}"
EndProject
Global
	GlobalSection(SolutionConfigurationPlatforms) = preSolution
		Debug|Any CPU = Debug|Any CPU
		Release|Any CPU = Release|Any CPU
	EndGlobalSection
	GlobalSection(ProjectConfigurationPlatforms) = postSolution
		{17A6DE6C-1F20-4258-9483-AFB181EA58C6}.Debug|Any CPU.ActiveCfg = Debug|Any CPU
		{17A6DE6C-1F20-4258-9483-AFB181EA58C6}.Debug|Any CPU.Build.0 = Debug|Any CPU
		{17A6DE6C-1F20-4258-9483-AFB181EA58C6}.Release|Any CPU.ActiveCfg = Release|Any CPU
		{17A6DE6C-1F20-4258-9483-AFB181EA58C6}.Release|Any CPU.Build.0 = Release|Any CPU
	EndGlobalSection
	GlobalSection(SolutionProperties) = preSolution
		HideSolutionNode = FALSE
	EndGlobalSection
	GlobalSection(ExtensibilityGlobals) = postSolution
		SolutionGuid = {8F96B8F9-3838-4FA7-AAC1-A473B2C8F19A}
	EndGlobalSection
EndGlobal
